
Microsoft Visual Studio Solution File, Format Version 12.00
# Visual Studio Version 17
VisualStudioVersion = 17.14.36203.30 d17.14
MinimumVisualStudioVersion = 10.0.40219.1
Project("{FAE04EC0-301F-11D3-BF4B-00C04F79EFBC}") = "calculadora", "calculadora\calculadora.csproj", "{01C0F852-B001-46CE-8B71-078A1015FFB5}"
EndProject
Global
	GlobalSection(SolutionConfigurationPlatforms) = preSolution
		Debug|Any CPU = Debug|Any CPU
		Release|Any CPU = Release|Any CPU
	EndGlobalSection
	GlobalSection(ProjectConfigurationPlatforms) = postSolution
		{01C0F852-B001-46CE-8B71-078A1015FFB5}.Debug|Any CPU.ActiveCfg = Debug|Any CPU
		{01C0F852-B001-46CE-8B71-078A1015FFB5}.Debug|Any CPU.Build.0 = Debug|Any CPU
		{01C0F852-B001-46CE-8B71-078A1015FFB5}.Release|Any CPU.ActiveCfg = Release|Any CPU
		{01C0F852-B001-46CE-8B71-078A1015FFB5}.Release|Any CPU.Build.0 = Release|Any CPU
	EndGlobalSection
	GlobalSection(SolutionProperties) = preSolution
		HideSolutionNode = FALSE
	EndGlobalSection
	GlobalSection(ExtensibilityGlobals) = postSolution
		SolutionGuid = {0243F4DF-3894-4F7B-9C14-65DBBFEE7217}
	EndGlobalSection
EndGlobal
